
Microsoft Visual Studio Solution File, Format Version 12.00
# Visual Studio 15
VisualStudioVersion = 15.0.28010.2050
MinimumVisualStudioVersion = 10.0.40219.1
Project("{2150E333-8FDC-42A3-9474-1A3956D46DE8}") = "Cloud", "Cloud", "{CCBD042D-DB9E-45B1-AC69-501498752084}"
EndProject
Project("{2150E333-8FDC-42A3-9474-1A3956D46DE8}") = "Azure", "Azure", "{6410745C-7B3E-48F8-B1C5-8FF4D65E0852}"
EndProject
Project("{2150E333-8FDC-42A3-9474-1A3956D46DE8}") = "Classes", "Classes", "{440E89C3-41AC-4017-A636-3DD67F944592}"
EndProject
Project("{2150E333-8FDC-42A3-9474-1A3956D46DE8}") = "Tests", "Tests", "{85974E03-87D2-4B15-81E3-2D9E73EF07ED}"
EndProject
Project("{2150E333-8FDC-42A3-9474-1A3956D46DE8}") = "Clients", "Clients", "{889D4865-45F6-4DC1-9149-D2F656876395}"
EndProject
Project("{2150E333-8FDC-42A3-9474-1A3956D46DE8}") = "Xamarin", "Xamarin", "{79486012-AFE1-4102-989A-645904AB76B3}"
EndProject
Project("{2150E333-8FDC-42A3-9474-1A3956D46DE8}") = "Web", "Web", "{A651E5DF-403A-4FE1-8110-9D0304104C90}"
EndProject
Global
	GlobalSection(SolutionProperties) = preSolution
		HideSolutionNode = FALSE
	EndGlobalSection
	GlobalSection(NestedProjects) = preSolution
		{6410745C-7B3E-48F8-B1C5-8FF4D65E0852} = {CCBD042D-DB9E-45B1-AC69-501498752084}
		{440E89C3-41AC-4017-A636-3DD67F944592} = {CCBD042D-DB9E-45B1-AC69-501498752084}
		{85974E03-87D2-4B15-81E3-2D9E73EF07ED} = {CCBD042D-DB9E-45B1-AC69-501498752084}
		{79486012-AFE1-4102-989A-645904AB76B3} = {889D4865-45F6-4DC1-9149-D2F656876395}
		{A651E5DF-403A-4FE1-8110-9D0304104C90} = {889D4865-45F6-4DC1-9149-D2F656876395}
	EndGlobalSection
	GlobalSection(ExtensibilityGlobals) = postSolution
		SolutionGuid = {6A058B27-CA7A-47DE-A53F-5241D0FA0B37}
	EndGlobalSection
EndGlobal
