
Microsoft Visual Studio Solution File, Format Version 12.00
# Visual Studio 15
VisualStudioVersion = 15.0.28010.2050
MinimumVisualStudioVersion = 10.0.40219.1
Project("{2150E333-8FDC-42A3-9474-1A3956D46DE8}") = "Cloud", "Cloud", "{CCBD042D-DB9E-45B1-AC69-501498752084}"
EndProject
Project("{2150E333-8FDC-42A3-9474-1A3956D46DE8}") = "Classes", "Classes", "{440E89C3-41AC-4017-A636-3DD67F944592}"
EndProject
Project("{2150E333-8FDC-42A3-9474-1A3956D46DE8}") = "Tests", "Tests", "{85974E03-87D2-4B15-81E3-2D9E73EF07ED}"
EndProject
Project("{2150E333-8FDC-42A3-9474-1A3956D46DE8}") = "Clients", "Clients", "{889D4865-45F6-4DC1-9149-D2F656876395}"
EndProject
Project("{2150E333-8FDC-42A3-9474-1A3956D46DE8}") = "Xamarin", "Xamarin", "{79486012-AFE1-4102-989A-645904AB76B3}"
	ProjectSection(SolutionItems) = preProject
		Clients\Xamarin\readme.txt = Clients\Xamarin\readme.txt
	EndProjectSection
EndProject
Project("{2150E333-8FDC-42A3-9474-1A3956D46DE8}") = "Web", "Web", "{A651E5DF-403A-4FE1-8110-9D0304104C90}"
EndProject
Project("{2150E333-8FDC-42A3-9474-1A3956D46DE8}") = "Azure", "Azure", "{DA5D6217-C942-4E2C-B09F-97E13583E3A9}"
EndProject
Project("{2150E333-8FDC-42A3-9474-1A3956D46DE8}") = "ParseFunction", "ParseFunction", "{96D4739D-451D-4D32-8E55-144BB7231412}"
EndProject
Project("{2150E333-8FDC-42A3-9474-1A3956D46DE8}") = "HoundRG", "HoundRG", "{0F61D150-E80E-4B5F-ACD9-145BE6EC4C83}"
	ProjectSection(SolutionItems) = preProject
		Cloud\Azure\HoundRG\Deploy-AzureResourceGroup.ps1 = Cloud\Azure\HoundRG\Deploy-AzureResourceGroup.ps1
		Cloud\Azure\HoundRG\Deployment.targets = Cloud\Azure\HoundRG\Deployment.targets
		Cloud\Azure\HoundRG\HoundRG.deployproj = Cloud\Azure\HoundRG\HoundRG.deployproj
		Cloud\Azure\HoundRG\WebSite.json = Cloud\Azure\HoundRG\WebSite.json
		Cloud\Azure\HoundRG\WebSite.parameters.json = Cloud\Azure\HoundRG\WebSite.parameters.json
	EndProjectSection
EndProject
Project("{2150E333-8FDC-42A3-9474-1A3956D46DE8}") = "ContentLib", "ContentLib", "{8973580A-4527-493C-BAF3-77CC12C83BD1}"
	ProjectSection(SolutionItems) = preProject
		Cloud\Classes\ContentLib\ContentLib.dgml = Cloud\Classes\ContentLib\ContentLib.dgml
		Cloud\Classes\ContentLib\ContentLib.PNG = Cloud\Classes\ContentLib\ContentLib.PNG
		Cloud\Classes\ContentLib\HtmlItemFactory.cs = Cloud\Classes\ContentLib\HtmlItemFactory.cs
		Cloud\Classes\ContentLib\WebStiteGrabber.cs = Cloud\Classes\ContentLib\WebStiteGrabber.cs
	EndProjectSection
EndProject
Project("{2150E333-8FDC-42A3-9474-1A3956D46DE8}") = "DataStructLib", "DataStructLib", "{24E20E06-1088-467E-BE00-1BB3AA5DC49B}"
	ProjectSection(SolutionItems) = preProject
		Cloud\Classes\DataStructLibs\DatStructLib.dgml = Cloud\Classes\DataStructLibs\DatStructLib.dgml
		Cloud\Classes\DataStructLibs\EventDBContext.cs = Cloud\Classes\DataStructLibs\EventDBContext.cs
		Cloud\Classes\DataStructLibs\States.cs = Cloud\Classes\DataStructLibs\States.cs
		Cloud\Classes\DataStructLibs\Structures.cs = Cloud\Classes\DataStructLibs\Structures.cs
	EndProjectSection
EndProject
Project("{2150E333-8FDC-42A3-9474-1A3956D46DE8}") = "ParserController", "ParserController", "{F0AE4C65-E141-4CEE-AAEF-3B7568EDEF9E}"
	ProjectSection(SolutionItems) = preProject
		Cloud\Classes\ParserController\Class1.cs = Cloud\Classes\ParserController\Class1.cs
		Cloud\Classes\ParserController\ParserController.csproj = Cloud\Classes\ParserController\ParserController.csproj
	EndProjectSection
EndProject
Project("{2150E333-8FDC-42A3-9474-1A3956D46DE8}") = "ParseLib", "ParseLib", "{09C37844-B747-49A5-A71F-1BF65DCF1561}"
	ProjectSection(SolutionItems) = preProject
		Cloud\Classes\ParserLib\Constants.cs = Cloud\Classes\ParserLib\Constants.cs
		Cloud\Classes\ParserLib\ParserLib.csproj = Cloud\Classes\ParserLib\ParserLib.csproj
		Cloud\Classes\ParserLib\ParserLib.csproj.user = Cloud\Classes\ParserLib\ParserLib.csproj.user
	EndProjectSection
EndProject
Project("{2150E333-8FDC-42A3-9474-1A3956D46DE8}") = "HtmlItems", "HtmlItems", "{F9205ED7-953F-4A8B-A774-BD0AACB1259C}"
	ProjectSection(SolutionItems) = preProject
		Cloud\Classes\ContentLib\HtmlItems\HtmlItem.cs = Cloud\Classes\ContentLib\HtmlItems\HtmlItem.cs
		Cloud\Classes\ContentLib\HtmlItems\ItemFromFile.cs = Cloud\Classes\ContentLib\HtmlItems\ItemFromFile.cs
		Cloud\Classes\ContentLib\HtmlItems\ItemFromUrl.cs = Cloud\Classes\ContentLib\HtmlItems\ItemFromUrl.cs
	EndProjectSection
EndProject
Project("{9A19103F-16F7-4668-BE54-9A1E7A4F7556}") = "ContentLib", "Cloud\Classes\ContentLib\ContentLib.csproj", "{F3041B3C-A2A6-4864-AF02-B47E9FD656FE}"
EndProject
Project("{9A19103F-16F7-4668-BE54-9A1E7A4F7556}") = "DataStructLib", "Cloud\Classes\DataStructLibs\DataStructLib.csproj", "{95A9F799-33D5-468B-9747-1D2180742B71}"
EndProject
Project("{9A19103F-16F7-4668-BE54-9A1E7A4F7556}") = "ParserLib", "Cloud\Classes\ParserLib\ParserLib.csproj", "{F338CF44-E7D8-446B-A2A6-C47BCACB5526}"
EndProject
Project("{9A19103F-16F7-4668-BE54-9A1E7A4F7556}") = "ParserController", "Cloud\Classes\ParserController\ParserController.csproj", "{0BED88A5-F827-45C3-BDA6-8F967D77C1DF}"
EndProject
Project("{9A19103F-16F7-4668-BE54-9A1E7A4F7556}") = "UnitTest", "Cloud\Tests\UnitTest\UnitTest.csproj", "{FCEDCBCB-414E-4498-9F93-398E76B3B724}"
EndProject
Project("{9A19103F-16F7-4668-BE54-9A1E7A4F7556}") = "HoundCmdLineDriver", "Cloud\Tests\HoundCmdLineDriver\HoundCmdLineDriver.csproj", "{E2113176-AC89-4459-8D85-7EC711A22B83}"
EndProject
Project("{151D2E53-A2C4-4D7D-83FE-D05416EBD58E}") = "HoundRG", "Cloud\Azure\HoundRG\HoundRG.deployproj", "{86F23E21-6AED-4E7F-88BD-18546AF198FF}"
EndProject
Project("{9A19103F-16F7-4668-BE54-9A1E7A4F7556}") = "HTownBluesAdmin", "Clients\Web\HTownBluesAdmin\HTownBluesAdmin.csproj", "{3E77F499-57D6-43E9-B0F9-95D271F42741}"
EndProject
Global
	GlobalSection(SolutionConfigurationPlatforms) = preSolution
		Debug|Any CPU = Debug|Any CPU
		Release|Any CPU = Release|Any CPU
	EndGlobalSection
	GlobalSection(ProjectConfigurationPlatforms) = postSolution
		{F3041B3C-A2A6-4864-AF02-B47E9FD656FE}.Debug|Any CPU.ActiveCfg = Debug|Any CPU
		{F3041B3C-A2A6-4864-AF02-B47E9FD656FE}.Debug|Any CPU.Build.0 = Debug|Any CPU
		{F3041B3C-A2A6-4864-AF02-B47E9FD656FE}.Release|Any CPU.ActiveCfg = Release|Any CPU
		{F3041B3C-A2A6-4864-AF02-B47E9FD656FE}.Release|Any CPU.Build.0 = Release|Any CPU
		{95A9F799-33D5-468B-9747-1D2180742B71}.Debug|Any CPU.ActiveCfg = Debug|Any CPU
		{95A9F799-33D5-468B-9747-1D2180742B71}.Debug|Any CPU.Build.0 = Debug|Any CPU
		{95A9F799-33D5-468B-9747-1D2180742B71}.Release|Any CPU.ActiveCfg = Release|Any CPU
		{95A9F799-33D5-468B-9747-1D2180742B71}.Release|Any CPU.Build.0 = Release|Any CPU
		{F338CF44-E7D8-446B-A2A6-C47BCACB5526}.Debug|Any CPU.ActiveCfg = Debug|Any CPU
		{F338CF44-E7D8-446B-A2A6-C47BCACB5526}.Debug|Any CPU.Build.0 = Debug|Any CPU
		{F338CF44-E7D8-446B-A2A6-C47BCACB5526}.Release|Any CPU.ActiveCfg = Release|Any CPU
		{F338CF44-E7D8-446B-A2A6-C47BCACB5526}.Release|Any CPU.Build.0 = Release|Any CPU
		{0BED88A5-F827-45C3-BDA6-8F967D77C1DF}.Debug|Any CPU.ActiveCfg = Debug|Any CPU
		{0BED88A5-F827-45C3-BDA6-8F967D77C1DF}.Debug|Any CPU.Build.0 = Debug|Any CPU
		{0BED88A5-F827-45C3-BDA6-8F967D77C1DF}.Release|Any CPU.ActiveCfg = Release|Any CPU
		{0BED88A5-F827-45C3-BDA6-8F967D77C1DF}.Release|Any CPU.Build.0 = Release|Any CPU
		{FCEDCBCB-414E-4498-9F93-398E76B3B724}.Debug|Any CPU.ActiveCfg = Debug|Any CPU
		{FCEDCBCB-414E-4498-9F93-398E76B3B724}.Debug|Any CPU.Build.0 = Debug|Any CPU
		{FCEDCBCB-414E-4498-9F93-398E76B3B724}.Release|Any CPU.ActiveCfg = Release|Any CPU
		{FCEDCBCB-414E-4498-9F93-398E76B3B724}.Release|Any CPU.Build.0 = Release|Any CPU
		{E2113176-AC89-4459-8D85-7EC711A22B83}.Debug|Any CPU.ActiveCfg = Debug|Any CPU
		{E2113176-AC89-4459-8D85-7EC711A22B83}.Debug|Any CPU.Build.0 = Debug|Any CPU
		{E2113176-AC89-4459-8D85-7EC711A22B83}.Release|Any CPU.ActiveCfg = Release|Any CPU
		{E2113176-AC89-4459-8D85-7EC711A22B83}.Release|Any CPU.Build.0 = Release|Any CPU
		{86F23E21-6AED-4E7F-88BD-18546AF198FF}.Debug|Any CPU.ActiveCfg = Debug|Any CPU
		{86F23E21-6AED-4E7F-88BD-18546AF198FF}.Debug|Any CPU.Build.0 = Debug|Any CPU
		{86F23E21-6AED-4E7F-88BD-18546AF198FF}.Release|Any CPU.ActiveCfg = Release|Any CPU
		{86F23E21-6AED-4E7F-88BD-18546AF198FF}.Release|Any CPU.Build.0 = Release|Any CPU
		{3E77F499-57D6-43E9-B0F9-95D271F42741}.Debug|Any CPU.ActiveCfg = Debug|Any CPU
		{3E77F499-57D6-43E9-B0F9-95D271F42741}.Debug|Any CPU.Build.0 = Debug|Any CPU
		{3E77F499-57D6-43E9-B0F9-95D271F42741}.Release|Any CPU.ActiveCfg = Release|Any CPU
		{3E77F499-57D6-43E9-B0F9-95D271F42741}.Release|Any CPU.Build.0 = Release|Any CPU
	EndGlobalSection
	GlobalSection(SolutionProperties) = preSolution
		HideSolutionNode = FALSE
	EndGlobalSection
	GlobalSection(NestedProjects) = preSolution
		{440E89C3-41AC-4017-A636-3DD67F944592} = {CCBD042D-DB9E-45B1-AC69-501498752084}
		{85974E03-87D2-4B15-81E3-2D9E73EF07ED} = {CCBD042D-DB9E-45B1-AC69-501498752084}
		{79486012-AFE1-4102-989A-645904AB76B3} = {889D4865-45F6-4DC1-9149-D2F656876395}
		{A651E5DF-403A-4FE1-8110-9D0304104C90} = {889D4865-45F6-4DC1-9149-D2F656876395}
		{DA5D6217-C942-4E2C-B09F-97E13583E3A9} = {CCBD042D-DB9E-45B1-AC69-501498752084}
		{96D4739D-451D-4D32-8E55-144BB7231412} = {DA5D6217-C942-4E2C-B09F-97E13583E3A9}
		{0F61D150-E80E-4B5F-ACD9-145BE6EC4C83} = {DA5D6217-C942-4E2C-B09F-97E13583E3A9}
		{8973580A-4527-493C-BAF3-77CC12C83BD1} = {440E89C3-41AC-4017-A636-3DD67F944592}
		{24E20E06-1088-467E-BE00-1BB3AA5DC49B} = {440E89C3-41AC-4017-A636-3DD67F944592}
		{F0AE4C65-E141-4CEE-AAEF-3B7568EDEF9E} = {440E89C3-41AC-4017-A636-3DD67F944592}
		{09C37844-B747-49A5-A71F-1BF65DCF1561} = {440E89C3-41AC-4017-A636-3DD67F944592}
		{F9205ED7-953F-4A8B-A774-BD0AACB1259C} = {8973580A-4527-493C-BAF3-77CC12C83BD1}
		{F3041B3C-A2A6-4864-AF02-B47E9FD656FE} = {8973580A-4527-493C-BAF3-77CC12C83BD1}
		{95A9F799-33D5-468B-9747-1D2180742B71} = {24E20E06-1088-467E-BE00-1BB3AA5DC49B}
		{F338CF44-E7D8-446B-A2A6-C47BCACB5526} = {09C37844-B747-49A5-A71F-1BF65DCF1561}
		{0BED88A5-F827-45C3-BDA6-8F967D77C1DF} = {F0AE4C65-E141-4CEE-AAEF-3B7568EDEF9E}
		{FCEDCBCB-414E-4498-9F93-398E76B3B724} = {85974E03-87D2-4B15-81E3-2D9E73EF07ED}
		{E2113176-AC89-4459-8D85-7EC711A22B83} = {85974E03-87D2-4B15-81E3-2D9E73EF07ED}
		{86F23E21-6AED-4E7F-88BD-18546AF198FF} = {0F61D150-E80E-4B5F-ACD9-145BE6EC4C83}
		{3E77F499-57D6-43E9-B0F9-95D271F42741} = {A651E5DF-403A-4FE1-8110-9D0304104C90}
	EndGlobalSection
	GlobalSection(ExtensibilityGlobals) = postSolution
		SolutionGuid = {6A058B27-CA7A-47DE-A53F-5241D0FA0B37}
	EndGlobalSection
EndGlobal
